
Microsoft Visual Studio Solution File, Format Version 12.00
# Visual Studio Version 17
VisualStudioVersion = 17.2.32526.322
MinimumVisualStudioVersion = 10.0.40219.1
Project("{9A19103F-16F7-4668-BE54-9A1E7A4F7556}") = "Rendezvous", "src\Rendezvous.csproj", "{52E6421D-5F66-4AAD-9F85-4A8E3758EFEC}"
EndProject
Project("{9A19103F-16F7-4668-BE54-9A1E7A4F7556}") = "RendezvousdotnetTest", "test\RendezvousdotnetTest\RendezvousdotnetTest.csproj", "{4CC9B526-BB21-463C-88E1-4ED4C76B2A21}"
EndProject
Project("{FAE04EC0-301F-11D3-BF4B-00C04F79EFBC}") = "Demo", "Demo\Demo.csproj", "{35C8BD9C-0400-451F-811A-2007147EB303}"
EndProject
Global
	GlobalSection(SolutionConfigurationPlatforms) = preSolution
		Debug|Any CPU = Debug|Any CPU
		Release|Any CPU = Release|Any CPU
	EndGlobalSection
	GlobalSection(ProjectConfigurationPlatforms) = postSolution
		{52E6421D-5F66-4AAD-9F85-4A8E3758EFEC}.Debug|Any CPU.ActiveCfg = Debug|Any CPU
		{52E6421D-5F66-4AAD-9F85-4A8E3758EFEC}.Debug|Any CPU.Build.0 = Debug|Any CPU
		{52E6421D-5F66-4AAD-9F85-4A8E3758EFEC}.Release|Any CPU.ActiveCfg = Release|Any CPU
		{52E6421D-5F66-4AAD-9F85-4A8E3758EFEC}.Release|Any CPU.Build.0 = Release|Any CPU
		{4CC9B526-BB21-463C-88E1-4ED4C76B2A21}.Debug|Any CPU.ActiveCfg = Debug|Any CPU
		{4CC9B526-BB21-463C-88E1-4ED4C76B2A21}.Debug|Any CPU.Build.0 = Debug|Any CPU
		{4CC9B526-BB21-463C-88E1-4ED4C76B2A21}.Release|Any CPU.ActiveCfg = Release|Any CPU
		{4CC9B526-BB21-463C-88E1-4ED4C76B2A21}.Release|Any CPU.Build.0 = Release|Any CPU
		{35C8BD9C-0400-451F-811A-2007147EB303}.Debug|Any CPU.ActiveCfg = Debug|Any CPU
		{35C8BD9C-0400-451F-811A-2007147EB303}.Debug|Any CPU.Build.0 = Debug|Any CPU
		{35C8BD9C-0400-451F-811A-2007147EB303}.Release|Any CPU.ActiveCfg = Release|Any CPU
		{35C8BD9C-0400-451F-811A-2007147EB303}.Release|Any CPU.Build.0 = Release|Any CPU
	EndGlobalSection
	GlobalSection(SolutionProperties) = preSolution
		HideSolutionNode = FALSE
	EndGlobalSection
	GlobalSection(ExtensibilityGlobals) = postSolution
		SolutionGuid = {0106C912-13CC-4F75-B2F2-33743DBF7BCD}
	EndGlobalSection
EndGlobal
