
Microsoft Visual Studio Solution File, Format Version 12.00
# Visual Studio Version 17
VisualStudioVersion = 17.2.32526.322
MinimumVisualStudioVersion = 10.0.40219.1
Project("{9A19103F-16F7-4668-BE54-9A1E7A4F7556}") = "Rendezvousdotnet", "Rendezvousdotnet.csproj", "{D3CA626D-9B2E-436F-82C6-9240935A3476}"
EndProject
Project("{FAE04EC0-301F-11D3-BF4B-00C04F79EFBC}") = "RendezvousTest", "..\RendezvousTest\RendezvousTest.csproj", "{82060377-8D8D-4520-9832-88CE027DA817}"
EndProject
Global
	GlobalSection(SolutionConfigurationPlatforms) = preSolution
		Debug|Any CPU = Debug|Any CPU
		Release|Any CPU = Release|Any CPU
	EndGlobalSection
	GlobalSection(ProjectConfigurationPlatforms) = postSolution
		{D3CA626D-9B2E-436F-82C6-9240935A3476}.Debug|Any CPU.ActiveCfg = Debug|Any CPU
		{D3CA626D-9B2E-436F-82C6-9240935A3476}.Debug|Any CPU.Build.0 = Debug|Any CPU
		{D3CA626D-9B2E-436F-82C6-9240935A3476}.Release|Any CPU.ActiveCfg = Release|Any CPU
		{D3CA626D-9B2E-436F-82C6-9240935A3476}.Release|Any CPU.Build.0 = Release|Any CPU
		{82060377-8D8D-4520-9832-88CE027DA817}.Debug|Any CPU.ActiveCfg = Debug|Any CPU
		{82060377-8D8D-4520-9832-88CE027DA817}.Debug|Any CPU.Build.0 = Debug|Any CPU
		{82060377-8D8D-4520-9832-88CE027DA817}.Release|Any CPU.ActiveCfg = Release|Any CPU
		{82060377-8D8D-4520-9832-88CE027DA817}.Release|Any CPU.Build.0 = Release|Any CPU
	EndGlobalSection
	GlobalSection(SolutionProperties) = preSolution
		HideSolutionNode = FALSE
	EndGlobalSection
	GlobalSection(ExtensibilityGlobals) = postSolution
		SolutionGuid = {0106C912-13CC-4F75-B2F2-33743DBF7BCD}
	EndGlobalSection
EndGlobal
